{
  "object": {
    "pins": [
      {
        "package": "KeychainAccess",
        "repositoryURL": "https://github.com/kishikawakatsumi/KeychainAccess.git",
        "state": {
          "branch": "master",
          "revision": "e7f7e5af7d4f6eb8b755421b4419dc0aa8cb1bf5",
          "version": null
        }
      }
    ]
  },
  "version": 1
}
